
Microsoft Visual Studio Solution File, Format Version 12.00
# Visual Studio Version 17
VisualStudioVersion = 17.8.34330.188
MinimumVisualStudioVersion = 10.0.40219.1
Project("{FAE04EC0-301F-11D3-BF4B-00C04F79EFBC}") = "HamburgerMVC4", "HamburgerMVC4\HamburgerMVC4.csproj", "{A082CD5B-803F-45DA-8966-B88501F076E5}"
EndProject
Global
	GlobalSection(SolutionConfigurationPlatforms) = preSolution
		Debug|Any CPU = Debug|Any CPU
		Release|Any CPU = Release|Any CPU
	EndGlobalSection
	GlobalSection(ProjectConfigurationPlatforms) = postSolution
		{A082CD5B-803F-45DA-8966-B88501F076E5}.Debug|Any CPU.ActiveCfg = Debug|Any CPU
		{A082CD5B-803F-45DA-8966-B88501F076E5}.Debug|Any CPU.Build.0 = Debug|Any CPU
		{A082CD5B-803F-45DA-8966-B88501F076E5}.Release|Any CPU.ActiveCfg = Release|Any CPU
		{A082CD5B-803F-45DA-8966-B88501F076E5}.Release|Any CPU.Build.0 = Release|Any CPU
	EndGlobalSection
	GlobalSection(SolutionProperties) = preSolution
		HideSolutionNode = FALSE
	EndGlobalSection
	GlobalSection(ExtensibilityGlobals) = postSolution
		SolutionGuid = {5FC65A6B-74C9-4321-A2F0-26E73FC9FD5D}
	EndGlobalSection
EndGlobal
